
Microsoft Visual Studio Solution File, Format Version 10.00
# Visual Studio 2008
Project("{8BC9CEB8-8B4A-11D0-8D11-00A0C91BC942}") = "parrots", "parrots\parrots.vcproj", "{198AA763-AA66-44D1-AAF8-6C4E2F500BCF}"
	ProjectSection(ProjectDependencies) = postProject
		{35A5C082-1092-47B6-A758-733B6AC8AE4A} = {35A5C082-1092-47B6-A758-733B6AC8AE4A}
	EndProjectSection
EndProject
Project("{8BC9CEB8-8B4A-11D0-8D11-00A0C91BC942}") = "oorion", "oorion\oorion.vcproj", "{35A5C082-1092-47B6-A758-733B6AC8AE4A}"
EndProject
Global
	GlobalSection(SolutionConfigurationPlatforms) = preSolution
		Debug|Win32 = Debug|Win32
		Release|Win32 = Release|Win32
	EndGlobalSection
	GlobalSection(ProjectConfigurationPlatforms) = postSolution
		{198AA763-AA66-44D1-AAF8-6C4E2F500BCF}.Debug|Win32.ActiveCfg = Debug|Win32
		{198AA763-AA66-44D1-AAF8-6C4E2F500BCF}.Debug|Win32.Build.0 = Debug|Win32
		{198AA763-AA66-44D1-AAF8-6C4E2F500BCF}.Release|Win32.ActiveCfg = Release|Win32
		{198AA763-AA66-44D1-AAF8-6C4E2F500BCF}.Release|Win32.Build.0 = Release|Win32
		{35A5C082-1092-47B6-A758-733B6AC8AE4A}.Debug|Win32.ActiveCfg = Debug|Win32
		{35A5C082-1092-47B6-A758-733B6AC8AE4A}.Debug|Win32.Build.0 = Debug|Win32
		{35A5C082-1092-47B6-A758-733B6AC8AE4A}.Release|Win32.ActiveCfg = Release|Win32
		{35A5C082-1092-47B6-A758-733B6AC8AE4A}.Release|Win32.Build.0 = Release|Win32
	EndGlobalSection
	GlobalSection(SolutionProperties) = preSolution
		HideSolutionNode = FALSE
	EndGlobalSection
EndGlobal
